
Microsoft Visual Studio Solution File, Format Version 12.00
# Visual Studio Version 17
VisualStudioVersion = 17.5.33530.505
MinimumVisualStudioVersion = 10.0.40219.1
Project("{FAE04EC0-301F-11D3-BF4B-00C04F79EFBC}") = "Clock", "Clock.csproj", "{1FD92DC4-E1C7-4CA4-96CD-05D99315374B}"
EndProject
Project("{2150E333-8FDC-42A3-9474-1A3956D46DE8}") = "Solution Items", "Solution Items", "{BF7A7F5E-07FB-4246-A66A-8EBD01254EE4}"
	ProjectSection(SolutionItems) = preProject
		.editorconfig = .editorconfig
	EndProjectSection
EndProject
Global
	GlobalSection(SolutionConfigurationPlatforms) = preSolution
		Debug|x64 = Debug|x64
		Release|x64 = Release|x64
	EndGlobalSection
	GlobalSection(ProjectConfigurationPlatforms) = postSolution
		{1FD92DC4-E1C7-4CA4-96CD-05D99315374B}.Debug|x64.ActiveCfg = Debug|x64
		{1FD92DC4-E1C7-4CA4-96CD-05D99315374B}.Debug|x64.Build.0 = Debug|x64
		{1FD92DC4-E1C7-4CA4-96CD-05D99315374B}.Release|x64.ActiveCfg = Release|x64
		{1FD92DC4-E1C7-4CA4-96CD-05D99315374B}.Release|x64.Build.0 = Release|x64
	EndGlobalSection
	GlobalSection(SolutionProperties) = preSolution
		HideSolutionNode = FALSE
	EndGlobalSection
	GlobalSection(ExtensibilityGlobals) = postSolution
		SolutionGuid = {3F6821AC-A379-486F-B14E-9538D14E09BE}
	EndGlobalSection
EndGlobal
